
Microsoft Visual Studio Solution File, Format Version 12.00
# Visual Studio Version 16
VisualStudioVersion = 16.0.32106.194
MinimumVisualStudioVersion = 10.0.40219.1
Project("{FAE04EC0-301F-11D3-BF4B-00C04F79EFBC}") = "Blood Donation", "Blood Donation\Blood Donation.csproj", "{3E3689DB-8335-4D81-AFF9-9AED144A9BC1}"
EndProject
Global
	GlobalSection(SolutionConfigurationPlatforms) = preSolution
		Debug|Any CPU = Debug|Any CPU
		Release|Any CPU = Release|Any CPU
	EndGlobalSection
	GlobalSection(ProjectConfigurationPlatforms) = postSolution
		{3E3689DB-8335-4D81-AFF9-9AED144A9BC1}.Debug|Any CPU.ActiveCfg = Debug|Any CPU
		{3E3689DB-8335-4D81-AFF9-9AED144A9BC1}.Debug|Any CPU.Build.0 = Debug|Any CPU
		{3E3689DB-8335-4D81-AFF9-9AED144A9BC1}.Release|Any CPU.ActiveCfg = Release|Any CPU
		{3E3689DB-8335-4D81-AFF9-9AED144A9BC1}.Release|Any CPU.Build.0 = Release|Any CPU
	EndGlobalSection
	GlobalSection(SolutionProperties) = preSolution
		HideSolutionNode = FALSE
	EndGlobalSection
	GlobalSection(ExtensibilityGlobals) = postSolution
		SolutionGuid = {D68C98CB-71A9-42A8-97F9-97ADD010595A}
	EndGlobalSection
EndGlobal
